// !$*UTF8*$!
{
	archiveVersion = 1;
	classes = {
	};
	objectVersion = 50;
	objects = {

/* Begin PBXBuildFile section */
		126A139D73DE3A4A74741BB5 /* Pods_BitcoinCurrency.framework in Frameworks */ = {isa = PBXBuildFile; fileRef = DB106A33421FD5B48409D670 /* Pods_BitcoinCurrency.framework */; };
		9035658A2654523D005A4C7A /* AppDelegate.swift in Sources */ = {isa = PBXBuildFile; fileRef = 903565892654523D005A4C7A /* AppDelegate.swift */; };
		9035658C2654523D005A4C7A /* SceneDelegate.swift in Sources */ = {isa = PBXBuildFile; fileRef = 9035658B2654523D005A4C7A /* SceneDelegate.swift */; };
		9035658E2654523D005A4C7A /* ViewController.swift in Sources */ = {isa = PBXBuildFile; fileRef = 9035658D2654523D005A4C7A /* ViewController.swift */; };
		903565912654523D005A4C7A /* Main.storyboard in Resources */ = {isa = PBXBuildFile; fileRef = 9035658F2654523D005A4C7A /* Main.storyboard */; };
		9035659326545242005A4C7A /* Assets.xcassets in Resources */ = {isa = PBXBuildFile; fileRef = 9035659226545242005A4C7A /* Assets.xcassets */; };
		9035659626545242005A4C7A /* LaunchScreen.storyboard in Resources */ = {isa = PBXBuildFile; fileRef = 9035659426545242005A4C7A /* LaunchScreen.storyboard */; };
/* End PBXBuildFile section */

/* Begin PBXFileReference section */
		4878B81A85CF4438FF1B757A /* Pods-BitcoinCurrency.release.xcconfig */ = {isa = PBXFileReference; includeInIndex = 1; lastKnownFileType = text.xcconfig; name = "Pods-BitcoinCurrency.release.xcconfig"; path = "Target Support Files/Pods-BitcoinCurrency/Pods-BitcoinCurrency.release.xcconfig"; sourceTree = "<group>"; };
		903565862654523C005A4C7A /* BitcoinCurrency.app */ = {isa = PBXFileReference; explicitFileType = wrapper.application; includeInIndex = 0; path = BitcoinCurrency.app; sourceTree = BUILT_PRODUCTS_DIR; };
		903565892654523D005A4C7A /* AppDelegate.swift */ = {isa = PBXFileReference; lastKnownFileType = sourcecode.swift; path = AppDelegate.swift; sourceTree = "<group>"; };
		9035658B2654523D005A4C7A /* SceneDelegate.swift */ = {isa = PBXFileReference; lastKnownFileType = sourcecode.swift; path = SceneDelegate.swift; sourceTree = "<group>"; };
		9035658D2654523D005A4C7A /* ViewController.swift */ = {isa = PBXFileReference; lastKnownFileType = sourcecode.swift; path = ViewController.swift; sourceTree = "<group>"; };
		903565902654523D005A4C7A /* Base */ = {isa = PBXFileReference; lastKnownFileType = file.storyboard; name = Base; path = Base.lproj/Main.storyboard; sourceTree = "<group>"; };
		9035659226545242005A4C7A /* Assets.xcassets */ = {isa = PBXFileReference; lastKnownFileType = folder.assetcatalog; path = Assets.xcassets; sourceTree = "<group>"; };
		9035659526545242005A4C7A /* Base */ = {isa = PBXFileReference; lastKnownFileType = file.storyboard; name = Base; path = Base.lproj/LaunchScreen.storyboard; sourceTree = "<group>"; };
		9035659726545242005A4C7A /* Info.plist */ = {isa = PBXFileReference; lastKnownFileType = text.plist.xml; path = Info.plist; sourceTree = "<group>"; };
		B3E5F592F73C26DFA9B405A8 /* Pods-BitcoinCurrency.debug.xcconfig */ = {isa = PBXFileReference; includeInIndex = 1; lastKnownFileType = text.xcconfig; name = "Pods-BitcoinCurrency.debug.xcconfig"; path = "Target Support Files/Pods-BitcoinCurrency/Pods-BitcoinCurrency.debug.xcconfig"; sourceTree = "<group>"; };
		DB106A33421FD5B48409D670 /* Pods_BitcoinCurrency.framework */ = {isa = PBXFileReference; explicitFileType = wrapper.framework; includeInIndex = 0; path = Pods_BitcoinCurrency.framework; sourceTree = BUILT_PRODUCTS_DIR; };
/* End PBXFileReference section */

/* Begin PBXFrameworksBuildPhase section */
		903565832654523C005A4C7A /* Frameworks */ = {
			isa = PBXFrameworksBuildPhase;
			buildActionMask = 2147483647;
			files = (
				126A139D73DE3A4A74741BB5 /* Pods_BitcoinCurrency.framework in Frameworks */,
			);
			runOnlyForDeploymentPostprocessing = 0;
		};
/* End PBXFrameworksBuildPhase section */

/* Begin PBXGroup section */
		7EAE2B3EA5DBD7BF0C5B18A1 /* Frameworks */ = {
			isa = PBXGroup;
			children = (
				DB106A33421FD5B48409D670 /* Pods_BitcoinCurrency.framework */,
			);
			name = Frameworks;
			sourceTree = "<group>";
		};
		8CDC6E095FB49F4B8E238E74 /* Pods */ = {
			isa = PBXGroup;
			children = (
				B3E5F592F73C26DFA9B405A8 /* Pods-BitcoinCurrency.debug.xcconfig */,
				4878B81A85CF4438FF1B757A /* Pods-BitcoinCurrency.release.xcconfig */,
			);
			name = Pods;
			path = Pods;
			sourceTree = "<group>";
		};
		9035657D2654523C005A4C7A = {
			isa = PBXGroup;
			children = (
				903565882654523D005A4C7A /* BitcoinCurrency */,
				903565872654523C005A4C7A /* Products */,
				8CDC6E095FB49F4B8E238E74 /* Pods */,
				7EAE2B3EA5DBD7BF0C5B18A1 /* Frameworks */,
			);
			sourceTree = "<group>";
		};
		903565872654523C005A4C7A /* Products */ = {
			isa = PBXGroup;
			children = (
				903565862654523C005A4C7A /* BitcoinCurrency.app */,
			);
			name = Products;
			sourceTree = "<group>";
		};
		903565882654523D005A4C7A /* BitcoinCurrency */ = {
			isa = PBXGroup;
			children = (
				903565892654523D005A4C7A /* AppDelegate.swift */,
				9035658B2654523D005A4C7A /* SceneDelegate.swift */,
				9035658D2654523D005A4C7A /* ViewController.swift */,
				9035658F2654523D005A4C7A /* Main.storyboard */,
				9035659226545242005A4C7A /* Assets.xcassets */,
				9035659426545242005A4C7A /* LaunchScreen.storyboard */,
				9035659726545242005A4C7A /* Info.plist */,
			);
			path = BitcoinCurrency;
			sourceTree = "<group>";
		};
/* End PBXGroup section */

/* Begin PBXNativeTarget section */
		903565852654523C005A4C7A /* BitcoinCurrency */ = {
			isa = PBXNativeTarget;
			buildConfigurationList = 9035659A26545242005A4C7A /* Build configuration list for PBXNativeTarget "BitcoinCurrency" */;
			buildPhases = (
				51792D57D4534D85B43524FD /* [CP] Check Pods Manifest.lock */,
				903565822654523C005A4C7A /* Sources */,
				903565832654523C005A4C7A /* Frameworks */,
				903565842654523C005A4C7A /* Resources */,
				B68F9C3B9B8ED9B6C9490B6E /* [CP] Embed Pods Frameworks */,
			);
			buildRules = (
			);
			dependencies = (
			);
			name = BitcoinCurrency;
			productName = BitcoinCurrency;
			productReference = 903565862654523C005A4C7A /* BitcoinCurrency.app */;
			productType = "com.apple.product-type.application";
		};
/* End PBXNativeTarget section */

/* Begin PBXProject section */
		9035657E2654523C005A4C7A /* Project object */ = {
			isa = PBXProject;
			attributes = {
				LastSwiftUpdateCheck = 1240;
				LastUpgradeCheck = 1240;
				TargetAttributes = {
					903565852654523C005A4C7A = {
						CreatedOnToolsVersion = 12.4;
					};
				};
			};
			buildConfigurationList = 903565812654523C005A4C7A /* Build configuration list for PBXProject "BitcoinCurrency" */;
			compatibilityVersion = "Xcode 9.3";
			developmentRegion = en;
			hasScannedForEncodings = 0;
			knownRegions = (
				en,
				Base,
			);
			mainGroup = 9035657D2654523C005A4C7A;
			productRefGroup = 903565872654523C005A4C7A /* Products */;
			projectDirPath = "";
			projectRoot = "";
			targets = (
				903565852654523C005A4C7A /* BitcoinCurrency */,
			);
		};
/* End PBXProject section */

/* Begin PBXResourcesBuildPhase section */
		903565842654523C005A4C7A /* Resources */ = {
			isa = PBXResourcesBuildPhase;
			buildActionMask = 2147483647;
			files = (
				9035659626545242005A4C7A /* LaunchScreen.storyboard in Resources */,
				9035659326545242005A4C7A /* Assets.xcassets in Resources */,
				903565912654523D005A4C7A /* Main.storyboard in Resources */,
			);
			runOnlyForDeploymentPostprocessing = 0;
		};
/* End PBXResourcesBuildPhase section */

/* Begin PBXShellScriptBuildPhase section */
		51792D57D4534D85B43524FD /* [CP] Check Pods Manifest.lock */ = {
			isa = PBXShellScriptBuildPhase;
			buildActionMask = 2147483647;
			files = (
			);
			inputFileListPaths = (
			);
			inputPaths = (
				"${PODS_PODFILE_DIR_PATH}/Podfile.lock",
				"${PODS_ROOT}/Manifest.lock",
			);
			name = "[CP] Check Pods Manifest.lock";
			outputFileListPaths = (
			);
			outputPaths = (
				"$(DERIVED_FILE_DIR)/Pods-BitcoinCurrency-checkManifestLockResult.txt",
			);
			runOnlyForDeploymentPostprocessing = 0;
			shellPath = /bin/sh;
			shellScript = "diff \"${PODS_PODFILE_DIR_PATH}/Podfile.lock\" \"${PODS_ROOT}/Manifest.lock\" > /dev/null\nif [ $? != 0 ] ; then\n    # print error to STDERR\n    echo \"error: The sandbox is not in sync with the Podfile.lock. Run 'pod install' or update your CocoaPods installation.\" >&2\n    exit 1\nfi\n# This output is used by Xcode 'outputs' to avoid re-running this script phase.\necho \"SUCCESS\" > \"${SCRIPT_OUTPUT_FILE_0}\"\n";
			showEnvVarsInLog = 0;
		};
		B68F9C3B9B8ED9B6C9490B6E /* [CP] Embed Pods Frameworks */ = {
			isa = PBXShellScriptBuildPhase;
			buildActionMask = 2147483647;
			files = (
			);
			inputFileListPaths = (
				"${PODS_ROOT}/Target Support Files/Pods-BitcoinCurrency/Pods-BitcoinCurrency-frameworks-${CONFIGURATION}-input-files.xcfilelist",
			);
			name = "[CP] Embed Pods Frameworks";
			outputFileListPaths = (
				"${PODS_ROOT}/Target Support Files/Pods-BitcoinCurrency/Pods-BitcoinCurrency-frameworks-${CONFIGURATION}-output-files.xcfilelist",
			);
			runOnlyForDeploymentPostprocessing = 0;
			shellPath = /bin/sh;
			shellScript = "\"${PODS_ROOT}/Target Support Files/Pods-BitcoinCurrency/Pods-BitcoinCurrency-frameworks.sh\"\n";
			showEnvVarsInLog = 0;
		};
/* End PBXShellScriptBuildPhase section */

/* Begin PBXSourcesBuildPhase section */
		903565822654523C005A4C7A /* Sources */ = {
			isa = PBXSourcesBuildPhase;
			buildActionMask = 2147483647;
			files = (
				9035658E2654523D005A4C7A /* ViewController.swift in Sources */,
				9035658A2654523D005A4C7A /* AppDelegate.swift in Sources */,
				9035658C2654523D005A4C7A /* SceneDelegate.swift in Sources */,
			);
			runOnlyForDeploymentPostprocessing = 0;
		};
/* End PBXSourcesBuildPhase section */

/* Begin PBXVariantGroup section */
		9035658F2654523D005A4C7A /* Main.storyboard */ = {
			isa = PBXVariantGroup;
			children = (
				903565902654523D005A4C7A /* Base */,
			);
			name = Main.storyboard;
			sourceTree = "<group>";
		};
		9035659426545242005A4C7A /* LaunchScreen.storyboard */ = {
			isa = PBXVariantGroup;
			children = (
				9035659526545242005A4C7A /* Base */,
			);
			name = LaunchScreen.storyboard;
			sourceTree = "<group>";
		};
/* End PBXVariantGroup section */

/* Begin XCBuildConfiguration section */
		9035659826545242005A4C7A /* Debug */ = {
			isa = XCBuildConfiguration;
			buildSettings = {
				ALWAYS_SEARCH_USER_PATHS = NO;
				CLANG_ANALYZER_NONNULL = YES;
				CLANG_ANALYZER_NUMBER_OBJECT_CONVERSION = YES_AGGRESSIVE;
				CLANG_CXX_LANGUAGE_STANDARD = "gnu++14";
				CLANG_CXX_LIBRARY = "libc++";
				CLANG_ENABLE_MODULES = YES;
				CLANG_ENABLE_OBJC_ARC = YES;
				CLANG_ENABLE_OBJC_WEAK = YES;
				CLANG_WARN_BLOCK_CAPTURE_AUTORELEASING = YES;
				CLANG_WARN_BOOL_CONVERSION = YES;
				CLANG_WARN_COMMA = YES;
				CLANG_WARN_CONSTANT_CONVERSION = YES;
				CLANG_WARN_DEPRECATED_OBJC_IMPLEMENTATIONS = YES;
				CLANG_WARN_DIRECT_OBJC_ISA_USAGE = YES_ERROR;
				CLANG_WARN_DOCUMENTATION_COMMENTS = YES;
				CLANG_WARN_EMPTY_BODY = YES;
				CLANG_WARN_ENUM_CONVERSION = YES;
				CLANG_WARN_INFINITE_RECURSION = YES;
				CLANG_WARN_INT_CONVERSION = YES;
				CLANG_WARN_NON_LITERAL_NULL_CONVERSION = YES;
				CLANG_WARN_OBJC_IMPLICIT_RETAIN_SELF = YES;
				CLANG_WARN_OBJC_LITERAL_CONVERSION = YES;
				CLANG_WARN_OBJC_ROOT_CLASS = YES_ERROR;
				CLANG_WARN_QUOTED_INCLUDE_IN_FRAMEWORK_HEADER = YES;
				CLANG_WARN_RANGE_LOOP_ANALYSIS = YES;
				CLANG_WARN_STRICT_PROTOTYPES = YES;
				CLANG_WARN_SUSPICIOUS_MOVE = YES;
				CLANG_WARN_UNGUARDED_AVAILABILITY = YES_AGGRESSIVE;
				CLANG_WARN_UNREACHABLE_CODE = YES;
				CLANG_WARN__DUPLICATE_METHOD_MATCH = YES;
				COPY_PHASE_STRIP = NO;
				DEBUG_INFORMATION_FORMAT = dwarf;
				ENABLE_STRICT_OBJC_MSGSEND = YES;
				ENABLE_TESTABILITY = YES;
				GCC_C_LANGUAGE_STANDARD = gnu11;
				GCC_DYNAMIC_NO_PIC = NO;
				GCC_NO_COMMON_BLOCKS = YES;
				GCC_OPTIMIZATION_LEVEL = 0;
				GCC_PREPROCESSOR_DEFINITIONS = (
					"DEBUG=1",
					"$(inherited)",
				);
				GCC_WARN_64_TO_32_BIT_CONVERSION = YES;
				GCC_WARN_ABOUT_RETURN_TYPE = YES_ERROR;
				GCC_WARN_UNDECLARED_SELECTOR = YES;
				GCC_WARN_UNINITIALIZED_AUTOS = YES_AGGRESSIVE;
				GCC_WARN_UNUSED_FUNCTION = YES;
				GCC_WARN_UNUSED_VARIABLE = YES;
				IPHONEOS_DEPLOYMENT_TARGET = 14.4;
				MTL_ENABLE_DEBUG_INFO = INCLUDE_SOURCE;
				MTL_FAST_MATH = YES;
				ONLY_ACTIVE_ARCH = YES;
				SDKROOT = iphoneos;
				SWIFT_ACTIVE_COMPILATION_CONDITIONS = DEBUG;
				SWIFT_OPTIMIZATION_LEVEL = "-Onone";
			};
			name = Debug;
		};
		9035659926545242005A4C7A /* Release */ = {
			isa = XCBuildConfiguration;
			buildSettings = {
				ALWAYS_SEARCH_USER_PATHS = NO;
				CLANG_ANALYZER_NONNULL = YES;
				CLANG_ANALYZER_NUMBER_OBJECT_CONVERSION = YES_AGGRESSIVE;
				CLANG_CXX_LANGUAGE_STANDARD = "gnu++14";
				CLANG_CXX_LIBRARY = "libc++";
				CLANG_ENABLE_MODULES = YES;
				CLANG_ENABLE_OBJC_ARC = YES;
				CLANG_ENABLE_OBJC_WEAK = YES;
				CLANG_WARN_BLOCK_CAPTURE_AUTORELEASING = YES;
				CLANG_WARN_BOOL_CONVERSION = YES;
				CLANG_WARN_COMMA = YES;
				CLANG_WARN_CONSTANT_CONVERSION = YES;
				CLANG_WARN_DEPRECATED_OBJC_IMPLEMENTATIONS = YES;
				CLANG_WARN_DIRECT_OBJC_ISA_USAGE = YES_ERROR;
				CLANG_WARN_DOCUMENTATION_COMMENTS = YES;
				CLANG_WARN_EMPTY_BODY = YES;
				CLANG_WARN_ENUM_CONVERSION = YES;
				CLANG_WARN_INFINITE_RECURSION = YES;
				CLANG_WARN_INT_CONVERSION = YES;
				CLANG_WARN_NON_LITERAL_NULL_CONVERSION = YES;
				CLANG_WARN_OBJC_IMPLICIT_RETAIN_SELF = YES;
				CLANG_WARN_OBJC_LITERAL_CONVERSION = YES;
				CLANG_WARN_OBJC_ROOT_CLASS = YES_ERROR;
				CLANG_WARN_QUOTED_INCLUDE_IN_FRAMEWORK_HEADER = YES;
				CLANG_WARN_RANGE_LOOP_ANALYSIS = YES;
				CLANG_WARN_STRICT_PROTOTYPES = YES;
				CLANG_WARN_SUSPICIOUS_MOVE = YES;
				CLANG_WARN_UNGUARDED_AVAILABILITY = YES_AGGRESSIVE;
				CLANG_WARN_UNREACHABLE_CODE = YES;
				CLANG_WARN__DUPLICATE_METHOD_MATCH = YES;
				COPY_PHASE_STRIP = NO;
				DEBUG_INFORMATION_FORMAT = "dwarf-with-dsym";
				ENABLE_NS_ASSERTIONS = NO;
				ENABLE_STRICT_OBJC_MSGSEND = YES;
				GCC_C_LANGUAGE_STANDARD = gnu11;
				GCC_NO_COMMON_BLOCKS = YES;
				GCC_WARN_64_TO_32_BIT_CONVERSION = YES;
				GCC_WARN_ABOUT_RETURN_TYPE = YES_ERROR;
				GCC_WARN_UNDECLARED_SELECTOR = YES;
				GCC_WARN_UNINITIALIZED_AUTOS = YES_AGGRESSIVE;
				GCC_WARN_UNUSED_FUNCTION = YES;
				GCC_WARN_UNUSED_VARIABLE = YES;
				IPHONEOS_DEPLOYMENT_TARGET = 14.4;
				MTL_ENABLE_DEBUG_INFO = NO;
				MTL_FAST_MATH = YES;
				SDKROOT = iphoneos;
				SWIFT_COMPILATION_MODE = wholemodule;
				SWIFT_OPTIMIZATION_LEVEL = "-O";
				VALIDATE_PRODUCT = YES;
			};
			name = Release;
		};
		9035659B26545242005A4C7A /* Debug */ = {
			isa = XCBuildConfiguration;
			baseConfigurationReference = B3E5F592F73C26DFA9B405A8 /* Pods-BitcoinCurrency.debug.xcconfig */;
			buildSettings = {
				ASSETCATALOG_COMPILER_APPICON_NAME = AppIcon;
				ASSETCATALOG_COMPILER_GLOBAL_ACCENT_COLOR_NAME = AccentColor;
				CODE_SIGN_STYLE = Automatic;
				DEVELOPMENT_TEAM = 9ZDQ7ASWHR;
				INFOPLIST_FILE = BitcoinCurrency/Info.plist;
				LD_RUNPATH_SEARCH_PATHS = (
					"$(inherited)",
					"@executable_path/Frameworks",
				);
				PRODUCT_BUNDLE_IDENTIFIER = com.edyama.BitcoinCurrency;
				PRODUCT_NAME = "$(TARGET_NAME)";
				SWIFT_VERSION = 5.0;
				TARGETED_DEVICE_FAMILY = "1,2";
			};
			name = Debug;
		};
		9035659C26545242005A4C7A /* Release */ = {
			isa = XCBuildConfiguration;
			baseConfigurationReference = 4878B81A85CF4438FF1B757A /* Pods-BitcoinCurrency.release.xcconfig */;
			buildSettings = {
				ASSETCATALOG_COMPILER_APPICON_NAME = AppIcon;
				ASSETCATALOG_COMPILER_GLOBAL_ACCENT_COLOR_NAME = AccentColor;
				CODE_SIGN_STYLE = Automatic;
				DEVELOPMENT_TEAM = 9ZDQ7ASWHR;
				INFOPLIST_FILE = BitcoinCurrency/Info.plist;
				LD_RUNPATH_SEARCH_PATHS = (
					"$(inherited)",
					"@executable_path/Frameworks",
				);
				PRODUCT_BUNDLE_IDENTIFIER = com.edyama.BitcoinCurrency;
				PRODUCT_NAME = "$(TARGET_NAME)";
				SWIFT_VERSION = 5.0;
				TARGETED_DEVICE_FAMILY = "1,2";
			};
			name = Release;
		};
/* End XCBuildConfiguration section */

/* Begin XCConfigurationList section */
		903565812654523C005A4C7A /* Build configuration list for PBXProject "BitcoinCurrency" */ = {
			isa = XCConfigurationList;
			buildConfigurations = (
				9035659826545242005A4C7A /* Debug */,
				9035659926545242005A4C7A /* Release */,
			);
			defaultConfigurationIsVisible = 0;
			defaultConfigurationName = Release;
		};
		9035659A26545242005A4C7A /* Build configuration list for PBXNativeTarget "BitcoinCurrency" */ = {
			isa = XCConfigurationList;
			buildConfigurations = (
				9035659B26545242005A4C7A /* Debug */,
				9035659C26545242005A4C7A /* Release */,
			);
			defaultConfigurationIsVisible = 0;
			defaultConfigurationName = Release;
		};
/* End XCConfigurationList section */
	};
	rootObject = 9035657E2654523C005A4C7A /* Project object */;
}
